
Microsoft Visual Studio Solution File, Format Version 12.00
# Visual Studio Version 17
VisualStudioVersion = 17.1.32328.378
MinimumVisualStudioVersion = 10.0.40219.1
Project("{FAE04EC0-301F-11D3-BF4B-00C04F79EFBC}") = "PI_2022_I_P3_EQUIPO2", "PI_2022_I_P3_EQUIPO2\PI_2022_I_P3_EQUIPO2.csproj", "{5E334E0F-F0AB-4CD4-AF9A-83514A699BB2}"
EndProject
Global
	GlobalSection(SolutionConfigurationPlatforms) = preSolution
		Debug|Any CPU = Debug|Any CPU
		Release|Any CPU = Release|Any CPU
	EndGlobalSection
	GlobalSection(ProjectConfigurationPlatforms) = postSolution
		{5E334E0F-F0AB-4CD4-AF9A-83514A699BB2}.Debug|Any CPU.ActiveCfg = Debug|Any CPU
		{5E334E0F-F0AB-4CD4-AF9A-83514A699BB2}.Debug|Any CPU.Build.0 = Debug|Any CPU
		{5E334E0F-F0AB-4CD4-AF9A-83514A699BB2}.Release|Any CPU.ActiveCfg = Release|Any CPU
		{5E334E0F-F0AB-4CD4-AF9A-83514A699BB2}.Release|Any CPU.Build.0 = Release|Any CPU
	EndGlobalSection
	GlobalSection(SolutionProperties) = preSolution
		HideSolutionNode = FALSE
	EndGlobalSection
	GlobalSection(ExtensibilityGlobals) = postSolution
		SolutionGuid = {AF92AEDE-316E-47CF-AD7E-D6F7E6197573}
	EndGlobalSection
EndGlobal
